
Microsoft Visual Studio Solution File, Format Version 12.00
# Visual Studio Version 17
VisualStudioVersion = 17.14.36518.9 d17.14
MinimumVisualStudioVersion = 10.0.40219.1
Project("{FAE04EC0-301F-11D3-BF4B-00C04F79EFBC}") = "ExceptionHandling", "ExceptionHandling.csproj", "{BAB8516B-4BE0-4D43-84FE-711CFB7BB51D}"
EndProject
Global
	GlobalSection(SolutionConfigurationPlatforms) = preSolution
		Debug|Any CPU = Debug|Any CPU
		Release|Any CPU = Release|Any CPU
	EndGlobalSection
	GlobalSection(ProjectConfigurationPlatforms) = postSolution
		{BAB8516B-4BE0-4D43-84FE-711CFB7BB51D}.Debug|Any CPU.ActiveCfg = Debug|Any CPU
		{BAB8516B-4BE0-4D43-84FE-711CFB7BB51D}.Debug|Any CPU.Build.0 = Debug|Any CPU
		{BAB8516B-4BE0-4D43-84FE-711CFB7BB51D}.Release|Any CPU.ActiveCfg = Release|Any CPU
		{BAB8516B-4BE0-4D43-84FE-711CFB7BB51D}.Release|Any CPU.Build.0 = Release|Any CPU
	EndGlobalSection
	GlobalSection(SolutionProperties) = preSolution
		HideSolutionNode = FALSE
	EndGlobalSection
	GlobalSection(ExtensibilityGlobals) = postSolution
		SolutionGuid = {858B12D6-9277-4906-9047-38D76B220D15}
	EndGlobalSection
EndGlobal
