
Microsoft Visual Studio Solution File, Format Version 12.00
# Visual Studio Version 17
VisualStudioVersion = 17.14.36518.9 d17.14
MinimumVisualStudioVersion = 10.0.40219.1
Project("{FAE04EC0-301F-11D3-BF4B-00C04F79EFBC}") = "ExceptionHandling", "ExceptionHandling\ExceptionHandling.csproj", "{0E2096B3-7B2B-42DE-9F0D-C8A0359E565A}"
EndProject
Global
	GlobalSection(SolutionConfigurationPlatforms) = preSolution
		Debug|Any CPU = Debug|Any CPU
		Release|Any CPU = Release|Any CPU
	EndGlobalSection
	GlobalSection(ProjectConfigurationPlatforms) = postSolution
		{0E2096B3-7B2B-42DE-9F0D-C8A0359E565A}.Debug|Any CPU.ActiveCfg = Debug|Any CPU
		{0E2096B3-7B2B-42DE-9F0D-C8A0359E565A}.Debug|Any CPU.Build.0 = Debug|Any CPU
		{0E2096B3-7B2B-42DE-9F0D-C8A0359E565A}.Release|Any CPU.ActiveCfg = Release|Any CPU
		{0E2096B3-7B2B-42DE-9F0D-C8A0359E565A}.Release|Any CPU.Build.0 = Release|Any CPU
	EndGlobalSection
	GlobalSection(SolutionProperties) = preSolution
		HideSolutionNode = FALSE
	EndGlobalSection
	GlobalSection(ExtensibilityGlobals) = postSolution
		SolutionGuid = {DF70B98B-684D-4511-A8DF-60AB38DA3995}
	EndGlobalSection
EndGlobal
