
Microsoft Visual Studio Solution File, Format Version 12.00
# Visual Studio Version 17
VisualStudioVersion = 17.14.36518.9 d17.14
MinimumVisualStudioVersion = 10.0.40219.1
Project("{FAE04EC0-301F-11D3-BF4B-00C04F79EFBC}") = "Events", "Events\Events.csproj", "{8596918E-660E-40F4-A7B1-094B944B75D7}"
EndProject
Global
	GlobalSection(SolutionConfigurationPlatforms) = preSolution
		Debug|Any CPU = Debug|Any CPU
		Release|Any CPU = Release|Any CPU
	EndGlobalSection
	GlobalSection(ProjectConfigurationPlatforms) = postSolution
		{8596918E-660E-40F4-A7B1-094B944B75D7}.Debug|Any CPU.ActiveCfg = Debug|Any CPU
		{8596918E-660E-40F4-A7B1-094B944B75D7}.Debug|Any CPU.Build.0 = Debug|Any CPU
		{8596918E-660E-40F4-A7B1-094B944B75D7}.Release|Any CPU.ActiveCfg = Release|Any CPU
		{8596918E-660E-40F4-A7B1-094B944B75D7}.Release|Any CPU.Build.0 = Release|Any CPU
	EndGlobalSection
	GlobalSection(SolutionProperties) = preSolution
		HideSolutionNode = FALSE
	EndGlobalSection
	GlobalSection(ExtensibilityGlobals) = postSolution
		SolutionGuid = {B44093B8-7BF1-4E87-8A9F-502892D3BF36}
	EndGlobalSection
EndGlobal
