
Microsoft Visual Studio Solution File, Format Version 12.00
# Visual Studio Version 17
VisualStudioVersion = 17.14.36518.9 d17.14
MinimumVisualStudioVersion = 10.0.40219.1
Project("{FAE04EC0-301F-11D3-BF4B-00C04F79EFBC}") = "HelloWorld", "HelloWorld.csproj", "{A3B11305-0C5A-429C-BB4F-840A55A08855}"
EndProject
Global
	GlobalSection(SolutionConfigurationPlatforms) = preSolution
		Debug|Any CPU = Debug|Any CPU
		Release|Any CPU = Release|Any CPU
	EndGlobalSection
	GlobalSection(ProjectConfigurationPlatforms) = postSolution
		{A3B11305-0C5A-429C-BB4F-840A55A08855}.Debug|Any CPU.ActiveCfg = Debug|Any CPU
		{A3B11305-0C5A-429C-BB4F-840A55A08855}.Debug|Any CPU.Build.0 = Debug|Any CPU
		{A3B11305-0C5A-429C-BB4F-840A55A08855}.Release|Any CPU.ActiveCfg = Release|Any CPU
		{A3B11305-0C5A-429C-BB4F-840A55A08855}.Release|Any CPU.Build.0 = Release|Any CPU
	EndGlobalSection
	GlobalSection(SolutionProperties) = preSolution
		HideSolutionNode = FALSE
	EndGlobalSection
	GlobalSection(ExtensibilityGlobals) = postSolution
		SolutionGuid = {E4A342DB-C64D-430F-BFB6-D3CF24015649}
	EndGlobalSection
EndGlobal
